
Microsoft Visual Studio Solution File, Format Version 12.00
# Visual Studio 15
VisualStudioVersion = 15.0.26730.16
MinimumVisualStudioVersion = 10.0.40219.1
Project("{FAE04EC0-301F-11D3-BF4B-00C04F79EFBC}") = "SelectionSort121217", "SelectionSort121217\SelectionSort121217.csproj", "{4F7BB8DC-1CC2-4C3C-9DCB-8227C5DDF213}"
EndProject
Global
	GlobalSection(SolutionConfigurationPlatforms) = preSolution
		Debug|Any CPU = Debug|Any CPU
		Release|Any CPU = Release|Any CPU
	EndGlobalSection
	GlobalSection(ProjectConfigurationPlatforms) = postSolution
		{4F7BB8DC-1CC2-4C3C-9DCB-8227C5DDF213}.Debug|Any CPU.ActiveCfg = Debug|Any CPU
		{4F7BB8DC-1CC2-4C3C-9DCB-8227C5DDF213}.Debug|Any CPU.Build.0 = Debug|Any CPU
		{4F7BB8DC-1CC2-4C3C-9DCB-8227C5DDF213}.Release|Any CPU.ActiveCfg = Release|Any CPU
		{4F7BB8DC-1CC2-4C3C-9DCB-8227C5DDF213}.Release|Any CPU.Build.0 = Release|Any CPU
	EndGlobalSection
	GlobalSection(SolutionProperties) = preSolution
		HideSolutionNode = FALSE
	EndGlobalSection
	GlobalSection(ExtensibilityGlobals) = postSolution
		SolutionGuid = {5B95FDB3-EBBF-4CA5-985A-2642AB33D860}
	EndGlobalSection
EndGlobal
